
Microsoft Visual Studio Solution File, Format Version 12.00
# Visual Studio 15
VisualStudioVersion = 15.0.28307.1062
MinimumVisualStudioVersion = 10.0.40219.1
Project("{888888A0-9F3D-457C-B088-3A5042F75D52}") = "Options with Monte Carlo", "Options with Monte Carlo\Options with Monte Carlo.pyproj", "{B826F6B9-B98E-411C-866F-EFB88F3F7346}"
EndProject
Global
	GlobalSection(SolutionConfigurationPlatforms) = preSolution
		Debug|Any CPU = Debug|Any CPU
		Release|Any CPU = Release|Any CPU
	EndGlobalSection
	GlobalSection(ProjectConfigurationPlatforms) = postSolution
		{B826F6B9-B98E-411C-866F-EFB88F3F7346}.Debug|Any CPU.ActiveCfg = Debug|Any CPU
		{B826F6B9-B98E-411C-866F-EFB88F3F7346}.Release|Any CPU.ActiveCfg = Release|Any CPU
	EndGlobalSection
	GlobalSection(SolutionProperties) = preSolution
		HideSolutionNode = FALSE
	EndGlobalSection
	GlobalSection(ExtensibilityGlobals) = postSolution
		SolutionGuid = {AF71B8A4-34D6-48BD-95F8-F48604B6AB73}
	EndGlobalSection
EndGlobal
